
Microsoft Visual Studio Solution File, Format Version 12.00
# Visual Studio Version 17
VisualStudioVersion = 17.9.34616.47
MinimumVisualStudioVersion = 10.0.40219.1
Project("{9A19103F-16F7-4668-BE54-9A1E7A4F7556}") = "AuthServer", "..\AuthServer\AuthServer.csproj", "{AADAC8C9-955C-4E4A-B22C-72F3ED61A703}"
EndProject
Project("{9A19103F-16F7-4668-BE54-9A1E7A4F7556}") = "ProtectedApi", "..\ProtectedApi\ProtectedApi.csproj", "{ACB59E68-4782-4BCA-9FFC-45CD4AE2FFF3}"
EndProject
Global
	GlobalSection(SolutionConfigurationPlatforms) = preSolution
		Debug|Any CPU = Debug|Any CPU
		Release|Any CPU = Release|Any CPU
	EndGlobalSection
	GlobalSection(ProjectConfigurationPlatforms) = postSolution
		{AADAC8C9-955C-4E4A-B22C-72F3ED61A703}.Debug|Any CPU.ActiveCfg = Debug|Any CPU
		{AADAC8C9-955C-4E4A-B22C-72F3ED61A703}.Debug|Any CPU.Build.0 = Debug|Any CPU
		{AADAC8C9-955C-4E4A-B22C-72F3ED61A703}.Release|Any CPU.ActiveCfg = Release|Any CPU
		{AADAC8C9-955C-4E4A-B22C-72F3ED61A703}.Release|Any CPU.Build.0 = Release|Any CPU
		{ACB59E68-4782-4BCA-9FFC-45CD4AE2FFF3}.Debug|Any CPU.ActiveCfg = Debug|Any CPU
		{ACB59E68-4782-4BCA-9FFC-45CD4AE2FFF3}.Debug|Any CPU.Build.0 = Debug|Any CPU
		{ACB59E68-4782-4BCA-9FFC-45CD4AE2FFF3}.Release|Any CPU.ActiveCfg = Release|Any CPU
		{ACB59E68-4782-4BCA-9FFC-45CD4AE2FFF3}.Release|Any CPU.Build.0 = Release|Any CPU
	EndGlobalSection
	GlobalSection(SolutionProperties) = preSolution
		HideSolutionNode = FALSE
	EndGlobalSection
	GlobalSection(ExtensibilityGlobals) = postSolution
		SolutionGuid = {3162BB9C-E5FB-4CBE-AB0F-2E334699B280}
	EndGlobalSection
EndGlobal
